// !$*UTF8*$!
{
	archiveVersion = 1;
	classes = {
	};
	objectVersion = 46;
	objects = {

/* Begin PBXBuildFile section */
		51722FA015BC4B7E000FDDFB /* AbstractMoveLogic.m in Sources */ = {isa = PBXBuildFile; fileRef = 51722F9F15BC4B7E000FDDFB /* AbstractMoveLogic.m */; };
		51722FAD15BC5166000FDDFB /* FpsConf.m in Sources */ = {isa = PBXBuildFile; fileRef = 51722FAC15BC5166000FDDFB /* FpsConf.m */; };
		51722FB015BC52CD000FDDFB /* AbstractStageObj.m in Sources */ = {isa = PBXBuildFile; fileRef = 51722FAF15BC52CD000FDDFB /* AbstractStageObj.m */; };
		52E9A8AB15BBE55A003B7D61 /* UIKit.framework in Frameworks */ = {isa = PBXBuildFile; fileRef = 52E9A8AA15BBE55A003B7D61 /* UIKit.framework */; };
		52E9A8AD15BBE55A003B7D61 /* Foundation.framework in Frameworks */ = {isa = PBXBuildFile; fileRef = 52E9A8AC15BBE55A003B7D61 /* Foundation.framework */; };
		52E9A8AF15BBE55A003B7D61 /* CoreGraphics.framework in Frameworks */ = {isa = PBXBuildFile; fileRef = 52E9A8AE15BBE55A003B7D61 /* CoreGraphics.framework */; };
		52E9A8B115BBE55A003B7D61 /* CoreData.framework in Frameworks */ = {isa = PBXBuildFile; fileRef = 52E9A8B015BBE55A003B7D61 /* CoreData.framework */; };
		52E9A8B715BBE55A003B7D61 /* InfoPlist.strings in Resources */ = {isa = PBXBuildFile; fileRef = 52E9A8B515BBE55A003B7D61 /* InfoPlist.strings */; };
		52E9A8B915BBE55A003B7D61 /* main.m in Sources */ = {isa = PBXBuildFile; fileRef = 52E9A8B815BBE55A003B7D61 /* main.m */; };
		52E9A8BD15BBE55A003B7D61 /* AppDelegate.m in Sources */ = {isa = PBXBuildFile; fileRef = 52E9A8BC15BBE55A003B7D61 /* AppDelegate.m */; };
		52E9A8C015BBE55A003B7D61 /* shooter.xcdatamodeld in Sources */ = {isa = PBXBuildFile; fileRef = 52E9A8BE15BBE55A003B7D61 /* shooter.xcdatamodeld */; };
		52E9A8C815BBE55A003B7D61 /* SenTestingKit.framework in Frameworks */ = {isa = PBXBuildFile; fileRef = 52E9A8C715BBE55A003B7D61 /* SenTestingKit.framework */; };
		52E9A8C915BBE55A003B7D61 /* UIKit.framework in Frameworks */ = {isa = PBXBuildFile; fileRef = 52E9A8AA15BBE55A003B7D61 /* UIKit.framework */; };
		52E9A8CA15BBE55A003B7D61 /* Foundation.framework in Frameworks */ = {isa = PBXBuildFile; fileRef = 52E9A8AC15BBE55A003B7D61 /* Foundation.framework */; };
		52E9A8CB15BBE55A003B7D61 /* CoreData.framework in Frameworks */ = {isa = PBXBuildFile; fileRef = 52E9A8B015BBE55A003B7D61 /* CoreData.framework */; };
		52E9A8D315BBE55A003B7D61 /* InfoPlist.strings in Resources */ = {isa = PBXBuildFile; fileRef = 52E9A8D115BBE55A003B7D61 /* InfoPlist.strings */; };
		52E9A8D615BBE55A003B7D61 /* shooterTests.m in Sources */ = {isa = PBXBuildFile; fileRef = 52E9A8D515BBE55A003B7D61 /* shooterTests.m */; };
/* End PBXBuildFile section */

/* Begin PBXContainerItemProxy section */
		52E9A8CC15BBE55A003B7D61 /* PBXContainerItemProxy */ = {
			isa = PBXContainerItemProxy;
			containerPortal = 52E9A89D15BBE559003B7D61 /* Project object */;
			proxyType = 1;
			remoteGlobalIDString = 52E9A8A515BBE559003B7D61;
			remoteInfo = shooter;
		};
/* End PBXContainerItemProxy section */

/* Begin PBXFileReference section */
		51722F9E15BC4B7E000FDDFB /* AbstractMoveLogic.h */ = {isa = PBXFileReference; fileEncoding = 4; lastKnownFileType = sourcecode.c.h; path = AbstractMoveLogic.h; sourceTree = "<group>"; };
		51722F9F15BC4B7E000FDDFB /* AbstractMoveLogic.m */ = {isa = PBXFileReference; fileEncoding = 4; lastKnownFileType = sourcecode.c.objc; path = AbstractMoveLogic.m; sourceTree = "<group>"; };
		51722FAA15BC5108000FDDFB /* FrameProcessable.h */ = {isa = PBXFileReference; lastKnownFileType = sourcecode.c.h; path = FrameProcessable.h; sourceTree = "<group>"; };
		51722FAB15BC5166000FDDFB /* FpsConf.h */ = {isa = PBXFileReference; fileEncoding = 4; lastKnownFileType = sourcecode.c.h; path = FpsConf.h; sourceTree = "<group>"; };
		51722FAC15BC5166000FDDFB /* FpsConf.m */ = {isa = PBXFileReference; fileEncoding = 4; lastKnownFileType = sourcecode.c.objc; path = FpsConf.m; sourceTree = "<group>"; };
		51722FAE15BC52CD000FDDFB /* AbstractStageObj.h */ = {isa = PBXFileReference; fileEncoding = 4; path = AbstractStageObj.h; sourceTree = "<group>"; };
		51722FAF15BC52CD000FDDFB /* AbstractStageObj.m */ = {isa = PBXFileReference; fileEncoding = 4; lastKnownFileType = sourcecode.c.objc; path = AbstractStageObj.m; sourceTree = "<group>"; };
		51722FB215BC54BC000FDDFB /* EnemyActionListener.h */ = {isa = PBXFileReference; lastKnownFileType = sourcecode.c.h; path = EnemyActionListener.h; sourceTree = "<group>"; };
		52E9A8A615BBE559003B7D61 /* shooter.app */ = {isa = PBXFileReference; explicitFileType = wrapper.application; includeInIndex = 0; path = shooter.app; sourceTree = BUILT_PRODUCTS_DIR; };
		52E9A8AA15BBE55A003B7D61 /* UIKit.framework */ = {isa = PBXFileReference; lastKnownFileType = wrapper.framework; name = UIKit.framework; path = System/Library/Frameworks/UIKit.framework; sourceTree = SDKROOT; };
		52E9A8AC15BBE55A003B7D61 /* Foundation.framework */ = {isa = PBXFileReference; lastKnownFileType = wrapper.framework; name = Foundation.framework; path = System/Library/Frameworks/Foundation.framework; sourceTree = SDKROOT; };
		52E9A8AE15BBE55A003B7D61 /* CoreGraphics.framework */ = {isa = PBXFileReference; lastKnownFileType = wrapper.framework; name = CoreGraphics.framework; path = System/Library/Frameworks/CoreGraphics.framework; sourceTree = SDKROOT; };
		52E9A8B015BBE55A003B7D61 /* CoreData.framework */ = {isa = PBXFileReference; lastKnownFileType = wrapper.framework; name = CoreData.framework; path = System/Library/Frameworks/CoreData.framework; sourceTree = SDKROOT; };
		52E9A8B415BBE55A003B7D61 /* shooter-Info.plist */ = {isa = PBXFileReference; lastKnownFileType = text.plist.xml; path = "shooter-Info.plist"; sourceTree = "<group>"; };
		52E9A8B615BBE55A003B7D61 /* en */ = {isa = PBXFileReference; lastKnownFileType = text.plist.strings; name = en; path = en.lproj/InfoPlist.strings; sourceTree = "<group>"; };
		52E9A8B815BBE55A003B7D61 /* main.m */ = {isa = PBXFileReference; lastKnownFileType = sourcecode.c.objc; path = main.m; sourceTree = "<group>"; };
		52E9A8BA15BBE55A003B7D61 /* shooter-Prefix.pch */ = {isa = PBXFileReference; lastKnownFileType = sourcecode.c.h; path = "shooter-Prefix.pch"; sourceTree = "<group>"; };
		52E9A8BB15BBE55A003B7D61 /* AppDelegate.h */ = {isa = PBXFileReference; lastKnownFileType = sourcecode.c.h; path = AppDelegate.h; sourceTree = "<group>"; };
		52E9A8BC15BBE55A003B7D61 /* AppDelegate.m */ = {isa = PBXFileReference; lastKnownFileType = sourcecode.c.objc; path = AppDelegate.m; sourceTree = "<group>"; };
		52E9A8BF15BBE55A003B7D61 /* shooter.xcdatamodel */ = {isa = PBXFileReference; lastKnownFileType = wrapper.xcdatamodel; path = shooter.xcdatamodel; sourceTree = "<group>"; };
		52E9A8C615BBE55A003B7D61 /* shooterTests.octest */ = {isa = PBXFileReference; explicitFileType = wrapper.cfbundle; includeInIndex = 0; path = shooterTests.octest; sourceTree = BUILT_PRODUCTS_DIR; };
		52E9A8C715BBE55A003B7D61 /* SenTestingKit.framework */ = {isa = PBXFileReference; lastKnownFileType = wrapper.framework; name = SenTestingKit.framework; path = Library/Frameworks/SenTestingKit.framework; sourceTree = DEVELOPER_DIR; };
		52E9A8D015BBE55A003B7D61 /* shooterTests-Info.plist */ = {isa = PBXFileReference; lastKnownFileType = text.plist.xml; path = "shooterTests-Info.plist"; sourceTree = "<group>"; };
		52E9A8D215BBE55A003B7D61 /* en */ = {isa = PBXFileReference; lastKnownFileType = text.plist.strings; name = en; path = en.lproj/InfoPlist.strings; sourceTree = "<group>"; };
		52E9A8D415BBE55A003B7D61 /* shooterTests.h */ = {isa = PBXFileReference; lastKnownFileType = sourcecode.c.h; path = shooterTests.h; sourceTree = "<group>"; };
		52E9A8D515BBE55A003B7D61 /* shooterTests.m */ = {isa = PBXFileReference; lastKnownFileType = sourcecode.c.objc; path = shooterTests.m; sourceTree = "<group>"; };
/* End PBXFileReference section */

/* Begin PBXFrameworksBuildPhase section */
		52E9A8A315BBE559003B7D61 /* Frameworks */ = {
			isa = PBXFrameworksBuildPhase;
			buildActionMask = 2147483647;
			files = (
				52E9A8AB15BBE55A003B7D61 /* UIKit.framework in Frameworks */,
				52E9A8AD15BBE55A003B7D61 /* Foundation.framework in Frameworks */,
				52E9A8AF15BBE55A003B7D61 /* CoreGraphics.framework in Frameworks */,
				52E9A8B115BBE55A003B7D61 /* CoreData.framework in Frameworks */,
			);
			runOnlyForDeploymentPostprocessing = 0;
		};
		52E9A8C215BBE55A003B7D61 /* Frameworks */ = {
			isa = PBXFrameworksBuildPhase;
			buildActionMask = 2147483647;
			files = (
				52E9A8C815BBE55A003B7D61 /* SenTestingKit.framework in Frameworks */,
				52E9A8C915BBE55A003B7D61 /* UIKit.framework in Frameworks */,
				52E9A8CA15BBE55A003B7D61 /* Foundation.framework in Frameworks */,
				52E9A8CB15BBE55A003B7D61 /* CoreData.framework in Frameworks */,
			);
			runOnlyForDeploymentPostprocessing = 0;
		};
/* End PBXFrameworksBuildPhase section */

/* Begin PBXGroup section */
		51722FA215BC4FB2000FDDFB /* stage */ = {
			isa = PBXGroup;
			children = (
				51722FB115BC5408000FDDFB /* manage */,
				51722FA315BC4FB8000FDDFB /* obj */,
			);
			name = stage;
			sourceTree = "<group>";
		};
		51722FA315BC4FB8000FDDFB /* obj */ = {
			isa = PBXGroup;
			children = (
				51722FA615BC5072000FDDFB /* view */,
				51722FA415BC4FD7000FDDFB /* strategy */,
			);
			name = obj;
			sourceTree = "<group>";
		};
		51722FA415BC4FD7000FDDFB /* strategy */ = {
			isa = PBXGroup;
			children = (
				51722FA515BC4FE4000FDDFB /* move */,
			);
			name = strategy;
			sourceTree = "<group>";
		};
		51722FA515BC4FE4000FDDFB /* move */ = {
			isa = PBXGroup;
			children = (
				51722F9E15BC4B7E000FDDFB /* AbstractMoveLogic.h */,
				51722F9F15BC4B7E000FDDFB /* AbstractMoveLogic.m */,
			);
			name = move;
			sourceTree = "<group>";
		};
		51722FA615BC5072000FDDFB /* view */ = {
			isa = PBXGroup;
			children = (
				51722FAE15BC52CD000FDDFB /* AbstractStageObj.h */,
				51722FAF15BC52CD000FDDFB /* AbstractStageObj.m */,
			);
			name = view;
			sourceTree = "<group>";
		};
		51722FA715BC5091000FDDFB /* util */ = {
			isa = PBXGroup;
			children = (
				51722FA815BC509A000FDDFB /* system */,
			);
			name = util;
			sourceTree = "<group>";
		};
		51722FA815BC509A000FDDFB /* system */ = {
			isa = PBXGroup;
			children = (
				51722FA915BC50A0000FDDFB /* frameRate */,
			);
			name = system;
			sourceTree = "<group>";
		};
		51722FA915BC50A0000FDDFB /* frameRate */ = {
			isa = PBXGroup;
			children = (
				51722FAA15BC5108000FDDFB /* FrameProcessable.h */,
				51722FAB15BC5166000FDDFB /* FpsConf.h */,
				51722FAC15BC5166000FDDFB /* FpsConf.m */,
			);
			name = frameRate;
			sourceTree = "<group>";
		};
		51722FB115BC5408000FDDFB /* manage */ = {
			isa = PBXGroup;
			children = (
				51722FB215BC54BC000FDDFB /* EnemyActionListener.h */,
			);
			name = manage;
			sourceTree = "<group>";
		};
		52E9A89B15BBE559003B7D61 = {
			isa = PBXGroup;
			children = (
				52E9A8B215BBE55A003B7D61 /* shooter */,
				52E9A8CE15BBE55A003B7D61 /* shooterTests */,
				52E9A8A915BBE559003B7D61 /* Frameworks */,
				52E9A8A715BBE559003B7D61 /* Products */,
			);
			sourceTree = "<group>";
		};
		52E9A8A715BBE559003B7D61 /* Products */ = {
			isa = PBXGroup;
			children = (
				52E9A8A615BBE559003B7D61 /* shooter.app */,
				52E9A8C615BBE55A003B7D61 /* shooterTests.octest */,
			);
			name = Products;
			sourceTree = "<group>";
		};
		52E9A8A915BBE559003B7D61 /* Frameworks */ = {
			isa = PBXGroup;
			children = (
				52E9A8AA15BBE55A003B7D61 /* UIKit.framework */,
				52E9A8AC15BBE55A003B7D61 /* Foundation.framework */,
				52E9A8AE15BBE55A003B7D61 /* CoreGraphics.framework */,
				52E9A8B015BBE55A003B7D61 /* CoreData.framework */,
				52E9A8C715BBE55A003B7D61 /* SenTestingKit.framework */,
			);
			name = Frameworks;
			sourceTree = "<group>";
		};
		52E9A8B215BBE55A003B7D61 /* shooter */ = {
			isa = PBXGroup;
			children = (
				51722FA715BC5091000FDDFB /* util */,
				51722FA215BC4FB2000FDDFB /* stage */,
				52E9A8BB15BBE55A003B7D61 /* AppDelegate.h */,
				52E9A8BC15BBE55A003B7D61 /* AppDelegate.m */,
				52E9A8BE15BBE55A003B7D61 /* shooter.xcdatamodeld */,
				52E9A8B315BBE55A003B7D61 /* Supporting Files */,
			);
			path = shooter;
			sourceTree = "<group>";
		};
		52E9A8B315BBE55A003B7D61 /* Supporting Files */ = {
			isa = PBXGroup;
			children = (
				52E9A8B415BBE55A003B7D61 /* shooter-Info.plist */,
				52E9A8B515BBE55A003B7D61 /* InfoPlist.strings */,
				52E9A8B815BBE55A003B7D61 /* main.m */,
				52E9A8BA15BBE55A003B7D61 /* shooter-Prefix.pch */,
			);
			name = "Supporting Files";
			sourceTree = "<group>";
		};
		52E9A8CE15BBE55A003B7D61 /* shooterTests */ = {
			isa = PBXGroup;
			children = (
				52E9A8D415BBE55A003B7D61 /* shooterTests.h */,
				52E9A8D515BBE55A003B7D61 /* shooterTests.m */,
				52E9A8CF15BBE55A003B7D61 /* Supporting Files */,
			);
			path = shooterTests;
			sourceTree = "<group>";
		};
		52E9A8CF15BBE55A003B7D61 /* Supporting Files */ = {
			isa = PBXGroup;
			children = (
				52E9A8D015BBE55A003B7D61 /* shooterTests-Info.plist */,
				52E9A8D115BBE55A003B7D61 /* InfoPlist.strings */,
			);
			name = "Supporting Files";
			sourceTree = "<group>";
		};
/* End PBXGroup section */

/* Begin PBXNativeTarget section */
		52E9A8A515BBE559003B7D61 /* shooter */ = {
			isa = PBXNativeTarget;
			buildConfigurationList = 52E9A8D915BBE55A003B7D61 /* Build configuration list for PBXNativeTarget "shooter" */;
			buildPhases = (
				52E9A8A215BBE559003B7D61 /* Sources */,
				52E9A8A315BBE559003B7D61 /* Frameworks */,
				52E9A8A415BBE559003B7D61 /* Resources */,
			);
			buildRules = (
			);
			dependencies = (
			);
			name = shooter;
			productName = shooter;
			productReference = 52E9A8A615BBE559003B7D61 /* shooter.app */;
			productType = "com.apple.product-type.application";
		};
		52E9A8C515BBE55A003B7D61 /* shooterTests */ = {
			isa = PBXNativeTarget;
			buildConfigurationList = 52E9A8DC15BBE55A003B7D61 /* Build configuration list for PBXNativeTarget "shooterTests" */;
			buildPhases = (
				52E9A8C115BBE55A003B7D61 /* Sources */,
				52E9A8C215BBE55A003B7D61 /* Frameworks */,
				52E9A8C315BBE55A003B7D61 /* Resources */,
				52E9A8C415BBE55A003B7D61 /* ShellScript */,
			);
			buildRules = (
			);
			dependencies = (
				52E9A8CD15BBE55A003B7D61 /* PBXTargetDependency */,
			);
			name = shooterTests;
			productName = shooterTests;
			productReference = 52E9A8C615BBE55A003B7D61 /* shooterTests.octest */;
			productType = "com.apple.product-type.bundle";
		};
/* End PBXNativeTarget section */

/* Begin PBXProject section */
		52E9A89D15BBE559003B7D61 /* Project object */ = {
			isa = PBXProject;
			attributes = {
				LastUpgradeCheck = 0430;
			};
			buildConfigurationList = 52E9A8A015BBE559003B7D61 /* Build configuration list for PBXProject "shooter" */;
			compatibilityVersion = "Xcode 3.2";
			developmentRegion = English;
			hasScannedForEncodings = 0;
			knownRegions = (
				en,
			);
			mainGroup = 52E9A89B15BBE559003B7D61;
			productRefGroup = 52E9A8A715BBE559003B7D61 /* Products */;
			projectDirPath = "";
			projectRoot = "";
			targets = (
				52E9A8A515BBE559003B7D61 /* shooter */,
				52E9A8C515BBE55A003B7D61 /* shooterTests */,
			);
		};
/* End PBXProject section */

/* Begin PBXResourcesBuildPhase section */
		52E9A8A415BBE559003B7D61 /* Resources */ = {
			isa = PBXResourcesBuildPhase;
			buildActionMask = 2147483647;
			files = (
				52E9A8B715BBE55A003B7D61 /* InfoPlist.strings in Resources */,
			);
			runOnlyForDeploymentPostprocessing = 0;
		};
		52E9A8C315BBE55A003B7D61 /* Resources */ = {
			isa = PBXResourcesBuildPhase;
			buildActionMask = 2147483647;
			files = (
				52E9A8D315BBE55A003B7D61 /* InfoPlist.strings in Resources */,
			);
			runOnlyForDeploymentPostprocessing = 0;
		};
/* End PBXResourcesBuildPhase section */

/* Begin PBXShellScriptBuildPhase section */
		52E9A8C415BBE55A003B7D61 /* ShellScript */ = {
			isa = PBXShellScriptBuildPhase;
			buildActionMask = 2147483647;
			files = (
			);
			inputPaths = (
			);
			outputPaths = (
			);
			runOnlyForDeploymentPostprocessing = 0;
			shellPath = /bin/sh;
			shellScript = "# Run the unit tests in this test bundle.\n\"${SYSTEM_DEVELOPER_DIR}/Tools/RunUnitTests\"\n";
		};
/* End PBXShellScriptBuildPhase section */

/* Begin PBXSourcesBuildPhase section */
		52E9A8A215BBE559003B7D61 /* Sources */ = {
			isa = PBXSourcesBuildPhase;
			buildActionMask = 2147483647;
			files = (
				52E9A8B915BBE55A003B7D61 /* main.m in Sources */,
				52E9A8BD15BBE55A003B7D61 /* AppDelegate.m in Sources */,
				52E9A8C015BBE55A003B7D61 /* shooter.xcdatamodeld in Sources */,
				51722FA015BC4B7E000FDDFB /* AbstractMoveLogic.m in Sources */,
				51722FAD15BC5166000FDDFB /* FpsConf.m in Sources */,
				51722FB015BC52CD000FDDFB /* AbstractStageObj.m in Sources */,
			);
			runOnlyForDeploymentPostprocessing = 0;
		};
		52E9A8C115BBE55A003B7D61 /* Sources */ = {
			isa = PBXSourcesBuildPhase;
			buildActionMask = 2147483647;
			files = (
				52E9A8D615BBE55A003B7D61 /* shooterTests.m in Sources */,
			);
			runOnlyForDeploymentPostprocessing = 0;
		};
/* End PBXSourcesBuildPhase section */

/* Begin PBXTargetDependency section */
		52E9A8CD15BBE55A003B7D61 /* PBXTargetDependency */ = {
			isa = PBXTargetDependency;
			target = 52E9A8A515BBE559003B7D61 /* shooter */;
			targetProxy = 52E9A8CC15BBE55A003B7D61 /* PBXContainerItemProxy */;
		};
/* End PBXTargetDependency section */

/* Begin PBXVariantGroup section */
		52E9A8B515BBE55A003B7D61 /* InfoPlist.strings */ = {
			isa = PBXVariantGroup;
			children = (
				52E9A8B615BBE55A003B7D61 /* en */,
			);
			name = InfoPlist.strings;
			sourceTree = "<group>";
		};
		52E9A8D115BBE55A003B7D61 /* InfoPlist.strings */ = {
			isa = PBXVariantGroup;
			children = (
				52E9A8D215BBE55A003B7D61 /* en */,
			);
			name = InfoPlist.strings;
			sourceTree = "<group>";
		};
/* End PBXVariantGroup section */

/* Begin XCBuildConfiguration section */
		52E9A8D715BBE55A003B7D61 /* Debug */ = {
			isa = XCBuildConfiguration;
			buildSettings = {
				ALWAYS_SEARCH_USER_PATHS = NO;
				ARCHS = "$(ARCHS_STANDARD_32_BIT)";
				CLANG_ENABLE_OBJC_ARC = YES;
				"CODE_SIGN_IDENTITY[sdk=iphoneos*]" = "iPhone Developer";
				COPY_PHASE_STRIP = NO;
				GCC_C_LANGUAGE_STANDARD = gnu99;
				GCC_DYNAMIC_NO_PIC = NO;
				GCC_OPTIMIZATION_LEVEL = 0;
				GCC_PREPROCESSOR_DEFINITIONS = (
					"DEBUG=1",
					"$(inherited)",
				);
				GCC_SYMBOLS_PRIVATE_EXTERN = NO;
				GCC_VERSION = com.apple.compilers.llvm.clang.1_0;
				GCC_WARN_ABOUT_RETURN_TYPE = YES;
				GCC_WARN_UNINITIALIZED_AUTOS = YES;
				GCC_WARN_UNUSED_VARIABLE = YES;
				IPHONEOS_DEPLOYMENT_TARGET = 5.1;
				SDKROOT = iphoneos;
				TARGETED_DEVICE_FAMILY = "1,2";
			};
			name = Debug;
		};
		52E9A8D815BBE55A003B7D61 /* Release */ = {
			isa = XCBuildConfiguration;
			buildSettings = {
				ALWAYS_SEARCH_USER_PATHS = NO;
				ARCHS = "$(ARCHS_STANDARD_32_BIT)";
				CLANG_ENABLE_OBJC_ARC = YES;
				"CODE_SIGN_IDENTITY[sdk=iphoneos*]" = "iPhone Developer";
				COPY_PHASE_STRIP = YES;
				GCC_C_LANGUAGE_STANDARD = gnu99;
				GCC_VERSION = com.apple.compilers.llvm.clang.1_0;
				GCC_WARN_ABOUT_RETURN_TYPE = YES;
				GCC_WARN_UNINITIALIZED_AUTOS = YES;
				GCC_WARN_UNUSED_VARIABLE = YES;
				IPHONEOS_DEPLOYMENT_TARGET = 5.1;
				OTHER_CFLAGS = "-DNS_BLOCK_ASSERTIONS=1";
				SDKROOT = iphoneos;
				TARGETED_DEVICE_FAMILY = "1,2";
				VALIDATE_PRODUCT = YES;
			};
			name = Release;
		};
		52E9A8DA15BBE55A003B7D61 /* Debug */ = {
			isa = XCBuildConfiguration;
			buildSettings = {
				GCC_PRECOMPILE_PREFIX_HEADER = YES;
				GCC_PREFIX_HEADER = "shooter/shooter-Prefix.pch";
				INFOPLIST_FILE = "shooter/shooter-Info.plist";
				PRODUCT_NAME = "$(TARGET_NAME)";
				WRAPPER_EXTENSION = app;
			};
			name = Debug;
		};
		52E9A8DB15BBE55A003B7D61 /* Release */ = {
			isa = XCBuildConfiguration;
			buildSettings = {
				GCC_PRECOMPILE_PREFIX_HEADER = YES;
				GCC_PREFIX_HEADER = "shooter/shooter-Prefix.pch";
				INFOPLIST_FILE = "shooter/shooter-Info.plist";
				PRODUCT_NAME = "$(TARGET_NAME)";
				WRAPPER_EXTENSION = app;
			};
			name = Release;
		};
		52E9A8DD15BBE55A003B7D61 /* Debug */ = {
			isa = XCBuildConfiguration;
			buildSettings = {
				BUNDLE_LOADER = "$(BUILT_PRODUCTS_DIR)/shooter.app/shooter";
				FRAMEWORK_SEARCH_PATHS = (
					"$(SDKROOT)/Developer/Library/Frameworks",
					"$(DEVELOPER_LIBRARY_DIR)/Frameworks",
				);
				GCC_PRECOMPILE_PREFIX_HEADER = YES;
				GCC_PREFIX_HEADER = "shooter/shooter-Prefix.pch";
				INFOPLIST_FILE = "shooterTests/shooterTests-Info.plist";
				PRODUCT_NAME = "$(TARGET_NAME)";
				TEST_HOST = "$(BUNDLE_LOADER)";
				WRAPPER_EXTENSION = octest;
			};
			name = Debug;
		};
		52E9A8DE15BBE55A003B7D61 /* Release */ = {
			isa = XCBuildConfiguration;
			buildSettings = {
				BUNDLE_LOADER = "$(BUILT_PRODUCTS_DIR)/shooter.app/shooter";
				FRAMEWORK_SEARCH_PATHS = (
					"$(SDKROOT)/Developer/Library/Frameworks",
					"$(DEVELOPER_LIBRARY_DIR)/Frameworks",
				);
				GCC_PRECOMPILE_PREFIX_HEADER = YES;
				GCC_PREFIX_HEADER = "shooter/shooter-Prefix.pch";
				INFOPLIST_FILE = "shooterTests/shooterTests-Info.plist";
				PRODUCT_NAME = "$(TARGET_NAME)";
				TEST_HOST = "$(BUNDLE_LOADER)";
				WRAPPER_EXTENSION = octest;
			};
			name = Release;
		};
/* End XCBuildConfiguration section */

/* Begin XCConfigurationList section */
		52E9A8A015BBE559003B7D61 /* Build configuration list for PBXProject "shooter" */ = {
			isa = XCConfigurationList;
			buildConfigurations = (
				52E9A8D715BBE55A003B7D61 /* Debug */,
				52E9A8D815BBE55A003B7D61 /* Release */,
			);
			defaultConfigurationIsVisible = 0;
			defaultConfigurationName = Release;
		};
		52E9A8D915BBE55A003B7D61 /* Build configuration list for PBXNativeTarget "shooter" */ = {
			isa = XCConfigurationList;
			buildConfigurations = (
				52E9A8DA15BBE55A003B7D61 /* Debug */,
				52E9A8DB15BBE55A003B7D61 /* Release */,
			);
			defaultConfigurationIsVisible = 0;
			defaultConfigurationName = Release;
		};
		52E9A8DC15BBE55A003B7D61 /* Build configuration list for PBXNativeTarget "shooterTests" */ = {
			isa = XCConfigurationList;
			buildConfigurations = (
				52E9A8DD15BBE55A003B7D61 /* Debug */,
				52E9A8DE15BBE55A003B7D61 /* Release */,
			);
			defaultConfigurationIsVisible = 0;
			defaultConfigurationName = Release;
		};
/* End XCConfigurationList section */

/* Begin XCVersionGroup section */
		52E9A8BE15BBE55A003B7D61 /* shooter.xcdatamodeld */ = {
			isa = XCVersionGroup;
			children = (
				52E9A8BF15BBE55A003B7D61 /* shooter.xcdatamodel */,
			);
			currentVersion = 52E9A8BF15BBE55A003B7D61 /* shooter.xcdatamodel */;
			path = shooter.xcdatamodeld;
			sourceTree = "<group>";
			versionGroupType = wrapper.xcdatamodel;
		};
/* End XCVersionGroup section */
	};
	rootObject = 52E9A89D15BBE559003B7D61 /* Project object */;
}
